
Microsoft Visual Studio Solution File, Format Version 12.00
# Visual Studio 14
VisualStudioVersion = 14.0.25123.0
MinimumVisualStudioVersion = 10.0.40219.1
Project("{FAE04EC0-301F-11D3-BF4B-00C04F79EFBC}") = "OnlineStore", "OnlineStore\OnlineStore.csproj", "{932BEEA8-497D-4634-A64C-4301169DDD16}"
EndProject
Project("{FAE04EC0-301F-11D3-BF4B-00C04F79EFBC}") = "OnlineStore.UnitTests", "OnlineStore.UnitTests\OnlineStore.UnitTests.csproj", "{159E5BEA-F169-423F-B17D-210D10B2F31A}"
EndProject
Project("{FAE04EC0-301F-11D3-BF4B-00C04F79EFBC}") = "OnlineStore.Domain", "OnlineStore.Domain\OnlineStore.Domain.csproj", "{D9C4AD8E-551C-4D91-A122-48F93554C2BA}"
EndProject
Global
	GlobalSection(SolutionConfigurationPlatforms) = preSolution
		Debug|Any CPU = Debug|Any CPU
		Release|Any CPU = Release|Any CPU
	EndGlobalSection
	GlobalSection(ProjectConfigurationPlatforms) = postSolution
		{932BEEA8-497D-4634-A64C-4301169DDD16}.Debug|Any CPU.ActiveCfg = Debug|Any CPU
		{932BEEA8-497D-4634-A64C-4301169DDD16}.Debug|Any CPU.Build.0 = Debug|Any CPU
		{932BEEA8-497D-4634-A64C-4301169DDD16}.Release|Any CPU.ActiveCfg = Release|Any CPU
		{932BEEA8-497D-4634-A64C-4301169DDD16}.Release|Any CPU.Build.0 = Release|Any CPU
		{159E5BEA-F169-423F-B17D-210D10B2F31A}.Debug|Any CPU.ActiveCfg = Debug|Any CPU
		{159E5BEA-F169-423F-B17D-210D10B2F31A}.Debug|Any CPU.Build.0 = Debug|Any CPU
		{159E5BEA-F169-423F-B17D-210D10B2F31A}.Release|Any CPU.ActiveCfg = Release|Any CPU
		{159E5BEA-F169-423F-B17D-210D10B2F31A}.Release|Any CPU.Build.0 = Release|Any CPU
		{D9C4AD8E-551C-4D91-A122-48F93554C2BA}.Debug|Any CPU.ActiveCfg = Debug|Any CPU
		{D9C4AD8E-551C-4D91-A122-48F93554C2BA}.Debug|Any CPU.Build.0 = Debug|Any CPU
		{D9C4AD8E-551C-4D91-A122-48F93554C2BA}.Release|Any CPU.ActiveCfg = Release|Any CPU
		{D9C4AD8E-551C-4D91-A122-48F93554C2BA}.Release|Any CPU.Build.0 = Release|Any CPU
	EndGlobalSection
	GlobalSection(SolutionProperties) = preSolution
		HideSolutionNode = FALSE
	EndGlobalSection
EndGlobal
